
Microsoft Visual Studio Solution File, Format Version 12.00
# Visual Studio Version 17
VisualStudioVersion = 17.14.36121.58 d17.14
MinimumVisualStudioVersion = 10.0.40219.1
Project("{FAE04EC0-301F-11D3-BF4B-00C04F79EFBC}") = "NhtLesson10", "NhtLesson10.csproj", "{C6CB5531-7D83-4428-B349-8BB69F66124C}"
EndProject
Global
	GlobalSection(SolutionConfigurationPlatforms) = preSolution
		Debug|Any CPU = Debug|Any CPU
		Release|Any CPU = Release|Any CPU
	EndGlobalSection
	GlobalSection(ProjectConfigurationPlatforms) = postSolution
		{C6CB5531-7D83-4428-B349-8BB69F66124C}.Debug|Any CPU.ActiveCfg = Debug|Any CPU
		{C6CB5531-7D83-4428-B349-8BB69F66124C}.Debug|Any CPU.Build.0 = Debug|Any CPU
		{C6CB5531-7D83-4428-B349-8BB69F66124C}.Release|Any CPU.ActiveCfg = Release|Any CPU
		{C6CB5531-7D83-4428-B349-8BB69F66124C}.Release|Any CPU.Build.0 = Release|Any CPU
	EndGlobalSection
	GlobalSection(SolutionProperties) = preSolution
		HideSolutionNode = FALSE
	EndGlobalSection
	GlobalSection(ExtensibilityGlobals) = postSolution
		SolutionGuid = {FF615F9A-A862-4330-9844-55DC413C7748}
	EndGlobalSection
EndGlobal
